{
  "name": "cc-worktree-squad",
  "version": "0.3.0",
  "lockfileVersion": 3,
  "requires": true,
  "packages": {
    "": {
      "name": "cc-worktree-squad",
      "version": "0.3.0",
      "license": "MIT",
      "bin": {
        "ccws": "bin/ccws.js"
      },
      "engines": {
        "node": ">=18"
      }
    }
  }
}
